{
  "version": "2",
  "remote": {
    "https://deno.land/std@0.106.0/fmt/colors.ts": "d2f8355f00a74404668fc5a1e4a92983ce1a9b0a6ac1d40efbd681cb8f519586",
    "https://deno.land/std@0.129.0/async/abortable.ts": "a896ac6b0d4237bd2d2d248217cfa1f0d85ccda93cb25ebda55e33850e526be6",
    "https://deno.land/std@0.129.0/async/deadline.ts": "48ac998d7564969f3e6ec6b6f9bf0217ebd00239b1b2292feba61272d5dd58d0",
    "https://deno.land/std@0.129.0/async/debounce.ts": "564273ef242bcfcda19a439132f940db8694173abffc159ea34f07d18fc42620",
    "https://deno.land/std@0.129.0/async/deferred.ts": "bc18e28108252c9f67dfca2bbc4587c3cbf3aeb6e155f8c864ca8ecff992b98a",
    "https://deno.land/std@0.129.0/async/delay.ts": "cbbdf1c87d1aed8edc7bae13592fb3e27e3106e0748f089c263390d4f49e5f6c",
    "https://deno.land/std@0.129.0/async/mod.ts": "2240c6841157738414331f47dee09bb8c0482c5b1980b6e3234dd03515c8132f",
    "https://deno.land/std@0.129.0/async/mux_async_iterator.ts": "f4d1d259b0c694d381770ddaaa4b799a94843eba80c17f4a2ec2949168e52d1e",
    "https://deno.land/std@0.129.0/async/pool.ts": "97b0dd27c69544e374df857a40902e74e39532f226005543eabacb551e277082",
    "https://deno.land/std@0.129.0/async/tee.ts": "1341feb1f5b1a96f8628d0f8fc07d8c43d3813423f18a63bf1b4785568d21b1f",
    "https://deno.land/std@0.129.0/fmt/colors.ts": "30455035d6d728394781c10755351742dd731e3db6771b1843f9b9e490104d37",
    "https://deno.land/std@0.129.0/http/http_status.ts": "71838ad33cb03ff2575f5e8fdea5f930979cdff8a81c11ade497f11d4c026019",
    "https://deno.land/std@0.129.0/http/server.ts": "10c3a7814666cdbabd6f9c18acdcc4593e222275a628280a4868881445fbb5bc",
    "https://deno.land/std@0.129.0/testing/_diff.ts": "9d849cd6877694152e01775b2d93f9d6b7aef7e24bfe3bfafc4d7a1ac8e9f392",
    "https://deno.land/std@0.129.0/testing/asserts.ts": "0a95d9e8076dd3e7f0eeb605a67c148078b4b11f4abcd5eef115b0361b0736a2",
    "https://deno.land/std@0.97.0/fmt/colors.ts": "db22b314a2ae9430ae7460ce005e0a7130e23ae1c999157e3bb77cf55800f7e4",
    "https://deno.land/std@0.97.0/testing/_diff.ts": "961eaf6d9f5b0a8556c9d835bbc6fa74f5addd7d3b02728ba7936ff93364f7a3",
    "https://deno.land/std@0.97.0/testing/asserts.ts": "341292d12eebc44be4c3c2ca101ba8b6b5859cef2fa69d50c217f9d0bfbcfd1f",
    "https://deno.land/x/expect@v0.2.9/expect.ts": "128c60f94ff3f977e2a649463238e403f9bdb8e6ab77e65214c0236bd61b0111",
    "https://deno.land/x/expect@v0.2.9/matchers.ts": "ba7360b73c5031a22449fa98eb4d5dbe7f256a88dd4c22ccae96dc6c01f0b19c",
    "https://deno.land/x/expect@v0.2.9/mock.ts": "562d4b1d735d15b0b8e935f342679096b64fe452f86e96714fe8616c0c884914",
    "https://deno.land/x/expect@v0.2.9/mod.ts": "0304d2430e1e96ba669a8495e24ba606dcc3d152e1f81aaa8da898cea24e36c2",
    "https://deno.land/x/opine@2.1.2/src/methods.ts": "0481daecc6068d24e9e5391818baddf555ab803d39a465dcd259161f8bd8ee49",
    "https://deno.land/x/opine@2.1.2/src/utils/mergeDescriptors.ts": "1fe498d4a1a8dcfd3570f9ca5e0647590d86d029b3c340bfcfdb57002851e41b",
    "https://deno.land/x/superdeno@4.8.0/deps.ts": "e2cf96d1129c38e1daf87a405878fa51d5771a0ba9b1c250baa75db0a8cb99df",
    "https://deno.land/x/superdeno@4.8.0/mod.ts": "fa91c501867a4302a4bc92d63cbf934fe5475ebb7bf58335338e001147263c87",
    "https://deno.land/x/superdeno@4.8.0/src/close.ts": "8bd4ab602ebbb048d06697d0c48c30be5f78ab9ad673850965e8014d78cca7a8",
    "https://deno.land/x/superdeno@4.8.0/src/superagent.ts": "8f60187f9278b154ef6bccf09a5ff7d45f81103ad0ce02d45518a6bbe63ce764",
    "https://deno.land/x/superdeno@4.8.0/src/superdeno.ts": "2e2cd4898961ac7688f0c2a4b210bf560a338f6601bd231d74bf8a0956880311",
    "https://deno.land/x/superdeno@4.8.0/src/test.ts": "89386c2c207179cd1854baf40f37cd1c4a5d312f4605d8cdc4d495ff3fd14d10",
    "https://deno.land/x/superdeno@4.8.0/src/types.ts": "0fc4a0a1acf4c3acba3e3d956a9e8917ce32cd47dbb8e75ffadec21a43a8e52f",
    "https://deno.land/x/superdeno@4.8.0/src/utils.ts": "458c1699f73e348745b9b4d081e005dbc12d050fd2899ebf4f919515823ba1c0",
    "https://deno.land/x/superdeno@4.8.0/src/xhrSham.js": "91f28215c07af47155c7abe711a097d67d89916a80d666ef6d26fab3e5179af2",
    "https://deno.land/x/superdeno@4.8.0/version.ts": "c84185c6cf0c198d406ae8892cc56a981002cce5d09e9b6293718bf02ad1d2c4",
    "https://deno.land/x/tincan@1.0.1/mod.ts": "9473507398048cb24dbb37b3a220777106c69c28d573898648deb2bb84a7e131",
    "https://deno.land/x/tincan@1.0.1/src/deps.ts": "b02ae57b7ab5035b903f2526b278c26a301e05242668a77eb9e2e82011b651aa",
    "https://deno.land/x/tincan@1.0.1/src/environment.ts": "1096dc35b77ee070bba03584489f71c446574d3a7676936ab0bb4aed507d7e27",
    "https://deno.land/x/tincan@1.0.1/src/mod.ts": "faf52271dbf61ff40b29d60e1d4f8d80f4ad167beebc40905d16779617d07463",
    "https://deno.land/x/tincan@1.0.1/src/nodes/mod.ts": "c22f058dd205d10c3b261c9afdbcd95a8eb807401e822f9c899cca2ab0f16473",
    "https://deno.land/x/tincan@1.0.1/src/nodes/nodes.ts": "a8b8b3178868c8b13a6d4d0c96cb41e4c1df48719a8cd2977495af9f9352ab04",
    "https://deno.land/x/tincan@1.0.1/src/nodes/tree.ts": "c119fb6a2ee1fe9833b70111382cc8d9a3f5b875b4bb65a0e8774d919193faa3",
    "https://deno.land/x/tincan@1.0.1/src/nodes/utilities.ts": "5e6a6f0e2650df4e10f7dfde889ef88a588fe9c3b3618aca2acd47e80b3ee3d8",
    "https://deno.land/x/tincan@1.0.1/src/reporter.ts": "84e09297da18c840076be951c02c749678b75dc89b2575f34db1378cbb509939",
    "https://deno.land/x/tincan@1.0.1/src/runner.ts": "54e1a0934a52469437bd4655df51f0c9148327d94a2b0d6c175f6f992a697b86",
    "https://esm.sh/graphql@16.6.0/execution/execute": "b434448f6de13f88ba0c77af1705013172ae62ff22c6d75533dd78ff1dcf4d77",
    "https://esm.sh/graphql@16.6.0/graphql": "1133fa6cc7471a86d8ff501f6a27043ca9e4837e7250a1eca22e058c2098e3db",
    "https://esm.sh/graphql@16.6.0/type": "7ef90c62b3d9df598eb8f4f3ad8e43b865b52aa999523b108256330670bc5fdb",
    "https://esm.sh/graphql@16.6.0/type/schema": "35a44b7f48d171138377545297f8a1bc59a2bdab6b8619adfc079620e21bb3d4",
    "https://esm.sh/graphql@16.6.0/utilities": "5608de19a778c5d630b9c4495bc35cdc3202c75773e85cfad75fb827a719f10b",
    "https://esm.sh/v111/cssfilter@0.0.10/deno/cssfilter.js": "7d76aa20d56c3c71e54102f9f4dad27612715ec6a496d2da08698e3364e97737",
    "https://esm.sh/v111/graphql@16.6.0/deno/error/GraphQLError.mjs.js": "212009266c4442c0514b0978db36885b995e36e092dec4ff0d9405f6705604f7",
    "https://esm.sh/v111/graphql@16.6.0/deno/error/locatedError.mjs.js": "4a69b7d600c713c4ebfb3ac7c28b515826d0898dd3dd39fd658e73f2a613e291",
    "https://esm.sh/v111/graphql@16.6.0/deno/error/syntaxError.mjs.js": "79396892a9f0d619345da16c6f195a54921ee059d833396df3cf3cfa81047991",
    "https://esm.sh/v111/graphql@16.6.0/deno/execution/collectFields.mjs.js": "c7cca184a5d9a7a8689cf1f2c5397397b5506a9468fe653ba688a4fb47ea4f32",
    "https://esm.sh/v111/graphql@16.6.0/deno/execution/execute.js": "38aec282a2f7c1d9ad5ad18e88400cd6b1276306f013909d6bc0505197958d73",
    "https://esm.sh/v111/graphql@16.6.0/deno/execution/execute.mjs.js": "0754ae022760748bf7eb174472f3fdbac401f2228a3e8063c643021550230a25",
    "https://esm.sh/v111/graphql@16.6.0/deno/execution/values.mjs.js": "d8b976d4d000772cb634cfa0fd122ee7ab642aabd7354070c375344e0c2bbfaf",
    "https://esm.sh/v111/graphql@16.6.0/deno/graphql.js": "eb2d9a427fce7d910462ceec715fe2c6b607ad334cf1817e304c0ee57089b605",
    "https://esm.sh/v111/graphql@16.6.0/deno/jsutils/Path.mjs.js": "33ef594e3e3521470f1b2b38b33a367d97c426b5f8651ecaebbd02e3a58b2e70",
    "https://esm.sh/v111/graphql@16.6.0/deno/jsutils/devAssert.mjs.js": "127306767410cdeca9a0ae85b5b8f8c04479b4caf9578301efba46894691b9e8",
    "https://esm.sh/v111/graphql@16.6.0/deno/jsutils/didYouMean.mjs.js": "525d7932e4ea5e4c30209095291d6f9bf2a88a9118ae31cbb89678e9acb8aea1",
    "https://esm.sh/v111/graphql@16.6.0/deno/jsutils/groupBy.mjs.js": "c5d852fad2a9ce61460151547ce3d102b527a85daed1e54b2e9f5c45f12e94e1",
    "https://esm.sh/v111/graphql@16.6.0/deno/jsutils/identityFunc.mjs.js": "5a3b5219c370778cf1b997fa25f5aeafbc07a0d892813d20029344dec4e27c83",
    "https://esm.sh/v111/graphql@16.6.0/deno/jsutils/inspect.mjs.js": "b55868706dc7214cc1c4ea7e0b1a31cee2f5a06fba3a93c06a9e87e764bb89fb",
    "https://esm.sh/v111/graphql@16.6.0/deno/jsutils/instanceOf.mjs.js": "031993a03bfbefc15d681d987a2e729245c6c85c4464f66fa189824ddaf797af",
    "https://esm.sh/v111/graphql@16.6.0/deno/jsutils/invariant.mjs.js": "d379226a9c6bf0f7a9dbf1209712f752ac3b0eeaf80b72155ca5b3ed28b58c29",
    "https://esm.sh/v111/graphql@16.6.0/deno/jsutils/isIterableObject.mjs.js": "3dd5f0e9153f4c6735007a5840a063c360ca1115627793eb0ff658c4aed83ab7",
    "https://esm.sh/v111/graphql@16.6.0/deno/jsutils/isObjectLike.mjs.js": "9541ae38006c24e43cbd8e145c2dfb6c3606a15792203983c6f56252b8328d17",
    "https://esm.sh/v111/graphql@16.6.0/deno/jsutils/isPromise.mjs.js": "8d84eb204d2ef6d80c7bdfc66527f3a07393e2a2118c6f55be5a542a74970bd1",
    "https://esm.sh/v111/graphql@16.6.0/deno/jsutils/keyMap.mjs.js": "804173e4808443de1b3fb46050fedbfc00cec8f5f2ca44401f19b9218a315dde",
    "https://esm.sh/v111/graphql@16.6.0/deno/jsutils/keyValMap.mjs.js": "81403739ca101914de060abf6e3a6502085b4c16ab7230d75d941cb5a8ee4490",
    "https://esm.sh/v111/graphql@16.6.0/deno/jsutils/mapValue.mjs.js": "c12ed19b9079e05c7602f8951bb3229c715516808a5bf7930b8bff7616fa2649",
    "https://esm.sh/v111/graphql@16.6.0/deno/jsutils/memoize3.mjs.js": "c8083afcba3250e671e06eaa734fc43558546b7d3b5cc9b87db45d5e7dbafba9",
    "https://esm.sh/v111/graphql@16.6.0/deno/jsutils/naturalCompare.mjs.js": "991eed391ab6b21175c7b431af3bd8f97b0e996549f5c9fa427a67a5e572ef41",
    "https://esm.sh/v111/graphql@16.6.0/deno/jsutils/printPathArray.mjs.js": "2c1584003fca80b5d74ec697379020d0c01f895b4807aef929f0f9c7e9a4b42a",
    "https://esm.sh/v111/graphql@16.6.0/deno/jsutils/promiseForObject.mjs.js": "6dea3a3b2ce341f56ac7ad024379f846df55ffd25c5462038b28d6304bd20c90",
    "https://esm.sh/v111/graphql@16.6.0/deno/jsutils/promiseReduce.mjs.js": "91227aa09cb8daa6b4b1648f566a94cfde89d57cacd3689f1e608f2dab0b840f",
    "https://esm.sh/v111/graphql@16.6.0/deno/jsutils/suggestionList.mjs.js": "eff64d5d1451206e3f50f62f326e359a72f048d3f95f3e9e3a473bf3ebb6ae07",
    "https://esm.sh/v111/graphql@16.6.0/deno/jsutils/toError.mjs.js": "4641ada85fe0ea8c8c6234809ae28c3d74c142251ae41a847aef33e52a571ba4",
    "https://esm.sh/v111/graphql@16.6.0/deno/jsutils/toObjMap.mjs.js": "748b6c02bb7e62c2fc094448389aa89a835de7d4cdfba983058b9c15747b6a6d",
    "https://esm.sh/v111/graphql@16.6.0/deno/language/ast.mjs.js": "7ea597aa85163a8cfa2c7a7ab53fb4524aa48a537747a8ff2077caab521a91e7",
    "https://esm.sh/v111/graphql@16.6.0/deno/language/blockString.mjs.js": "5195cdc6b5164acf91b73c8d0a8f7edd083e3778074984b3c7487c9af19cfcec",
    "https://esm.sh/v111/graphql@16.6.0/deno/language/characterClasses.mjs.js": "2bc3a665cc72c23432caee3e6d0d29514c1574d19935ff3d2467b885c6a7fe71",
    "https://esm.sh/v111/graphql@16.6.0/deno/language/directiveLocation.mjs.js": "74a6050515b49456821c8a59015c0110aa5536431fabe78946dc07c141cd1207",
    "https://esm.sh/v111/graphql@16.6.0/deno/language/kinds.mjs.js": "795a1417d8d499d185c59ce6ef69b6aa965ccaea53e44381512151379a7c2ff7",
    "https://esm.sh/v111/graphql@16.6.0/deno/language/lexer.mjs.js": "caa0951b628f3202ace3fda07bc8b83126323ee214f567b99aab780b227eeabe",
    "https://esm.sh/v111/graphql@16.6.0/deno/language/location.mjs.js": "b27f0b66261cdf07dc86a7a98b698926324132e69afd28578b05d822c176b047",
    "https://esm.sh/v111/graphql@16.6.0/deno/language/parser.mjs.js": "456041b873b8c53eadf164c49591ebdc0f4d13aa2778664397e674dad08400c7",
    "https://esm.sh/v111/graphql@16.6.0/deno/language/predicates.mjs.js": "6c1a7e280780a2a3927c93a1a85c25aa8934c43d47cdbfb8242432ff0d7784ab",
    "https://esm.sh/v111/graphql@16.6.0/deno/language/printLocation.mjs.js": "75ec274bd1748e6909ff8eded4a73ab88a46a29430bc66a2792ca19383bf6447",
    "https://esm.sh/v111/graphql@16.6.0/deno/language/printString.mjs.js": "8d18ca39445017162bd8bb35cc5a91681d4ed2271f3e9010f4d27e77e127c664",
    "https://esm.sh/v111/graphql@16.6.0/deno/language/printer.mjs.js": "72e7da70ee0b4857385ad7e86b9fc7b1a2f6aa81d56915470bf231292d8ea443",
    "https://esm.sh/v111/graphql@16.6.0/deno/language/source.mjs.js": "b5ead6bb8e3bf5fef2d87b90acfde326511eaef510a95fa9d61f4efb7ef5438f",
    "https://esm.sh/v111/graphql@16.6.0/deno/language/tokenKind.mjs.js": "0cbd20c355e40441de08be70ee06ab0abba3972131c1c14cc127b911ab6755f2",
    "https://esm.sh/v111/graphql@16.6.0/deno/language/visitor.mjs.js": "abd784f9f815835c648e2ce6ef608a8d7f8ac593f5679a60883a3e50212f267f",
    "https://esm.sh/v111/graphql@16.6.0/deno/type.js": "a6bacb7158f6bc3a97688d794c0be994d7c7064d01a024a8013f057685689eb2",
    "https://esm.sh/v111/graphql@16.6.0/deno/type/assertName.mjs.js": "9c489d5f5297d655b8edc39470aea6b7c3155f496b11b87f6578c51e10f2bd20",
    "https://esm.sh/v111/graphql@16.6.0/deno/type/definition.mjs.js": "1b61d4a335bba1567735767595801b282522ec89593eeb95433e0c467ff117f0",
    "https://esm.sh/v111/graphql@16.6.0/deno/type/directives.mjs.js": "a8107792369d2f37df31194a342ea9d623d714271720e371e7d2971b7215a8f0",
    "https://esm.sh/v111/graphql@16.6.0/deno/type/introspection.mjs.js": "c056b1d98c3fe152d2026d5488e4d3958d9fc74ec12be4e301bdd433ec9c23bd",
    "https://esm.sh/v111/graphql@16.6.0/deno/type/scalars.mjs.js": "3c2ac7fac23730b0520d8a081355ac05597bc252cf0cbadbfd6ab92a09973b8b",
    "https://esm.sh/v111/graphql@16.6.0/deno/type/schema.js": "682200f2b43ade4e6f3adfef88dd1383ebb97c7cff7c769507b5e7413b0ef7a5",
    "https://esm.sh/v111/graphql@16.6.0/deno/type/schema.mjs.js": "9076b0372b572199aff99c27e055fa7de8998b3c3c8d4071df3d31194747a592",
    "https://esm.sh/v111/graphql@16.6.0/deno/type/validate.mjs.js": "e69eb975f7fd45a0aa426544f0f49a1cbf34ecd0c3c900a82adae151b8f17de6",
    "https://esm.sh/v111/graphql@16.6.0/deno/utilities.js": "11307e4d44e855625ab3786f156debff3e89a4b16d9d05211a70e49cabf00f69",
    "https://esm.sh/v111/graphql@16.6.0/deno/utilities/TypeInfo.mjs.js": "9ec819a0e8560802f8d8063639c5527c7ec8f3645f7627695dfe77b03ffafdd3",
    "https://esm.sh/v111/graphql@16.6.0/deno/utilities/assertValidName.mjs.js": "fe7f0d8253789752248cee61ead768634ec0279a66e8931461aca350d0d15cbd",
    "https://esm.sh/v111/graphql@16.6.0/deno/utilities/astFromValue.mjs.js": "0b156f1740bb08763b82b32bbdf3952d1a6eed19a99f936d29cc13abe6ac8918",
    "https://esm.sh/v111/graphql@16.6.0/deno/utilities/buildASTSchema.mjs.js": "281588844dcc147153a04c7c3dbb3838ca3cf004b6a817886cb3c16954207fa8",
    "https://esm.sh/v111/graphql@16.6.0/deno/utilities/buildClientSchema.mjs.js": "3a1c41e1016cc221263d3753d903b3c7fdc68b2a688ef2bd7948ae418aa7b2e5",
    "https://esm.sh/v111/graphql@16.6.0/deno/utilities/coerceInputValue.mjs.js": "0f3ff2b657b4b75452229bb883407ef36011444f757d5b6deaee58305b370388",
    "https://esm.sh/v111/graphql@16.6.0/deno/utilities/concatAST.mjs.js": "e56b73b63fb5e824eabedb5e7a5a8d380a4e9d49830dd9fc409f292b59cedb21",
    "https://esm.sh/v111/graphql@16.6.0/deno/utilities/extendSchema.mjs.js": "2a704f3ee818ed94a85f0341c7f8aa32d0630fe44d47e4df311bbafd4741663b",
    "https://esm.sh/v111/graphql@16.6.0/deno/utilities/findBreakingChanges.mjs.js": "40ca2c0b9df57ac8e41b59e55559c4849b0c7b8bcdb0ba2948b062aa46dfdaab",
    "https://esm.sh/v111/graphql@16.6.0/deno/utilities/getIntrospectionQuery.mjs.js": "ead4905c7201ac34e1e7ea8a5ae744870c5d5fd1790595df6e58713f9b4af7f1",
    "https://esm.sh/v111/graphql@16.6.0/deno/utilities/getOperationAST.mjs.js": "9df0fdfc7f521a00fe8e4fc1a3a22818e1b3a1a02c5459f7874a04d6952bdc6b",
    "https://esm.sh/v111/graphql@16.6.0/deno/utilities/getOperationRootType.mjs.js": "a46f93c0853e216a8ff74dc29ce45eca5b60e1a62ee0a6a5cef6e3e8ffa03754",
    "https://esm.sh/v111/graphql@16.6.0/deno/utilities/introspectionFromSchema.mjs.js": "a6a55273cdd5fa77aa212af54dac61de4df356ffcf05e1a71e14e061596aecc9",
    "https://esm.sh/v111/graphql@16.6.0/deno/utilities/lexicographicSortSchema.mjs.js": "5eeef4ce69ee6598c80fec29833c54c1ae1992c82be1e20b4359b554875e2aec",
    "https://esm.sh/v111/graphql@16.6.0/deno/utilities/printSchema.mjs.js": "438733e95e3c8dad97291dfa6fab30c353a58f2733c2712ef81139f8a05f90af",
    "https://esm.sh/v111/graphql@16.6.0/deno/utilities/separateOperations.mjs.js": "e0217b439c43d404bc556f0662edcab50a23a61f15af11876fab3d9aa14bdba4",
    "https://esm.sh/v111/graphql@16.6.0/deno/utilities/sortValueNode.mjs.js": "003d99e5694322737fc58b54463a1bb6208aa79f71074816f6d06b76eee653c9",
    "https://esm.sh/v111/graphql@16.6.0/deno/utilities/stripIgnoredCharacters.mjs.js": "2a82ecbb6192ea8f9b58253885d6aac10c9c7880c90c4b7338ffa96918e2bf95",
    "https://esm.sh/v111/graphql@16.6.0/deno/utilities/typeComparators.mjs.js": "1eebb19d190e5cec9722e1414f2371eb42b63d88570f7ed88564023e3908eb88",
    "https://esm.sh/v111/graphql@16.6.0/deno/utilities/typeFromAST.mjs.js": "d2e86379bee608a295711a404b61ad21ab0fa158a7f5d21ba8df44e43ef45bfe",
    "https://esm.sh/v111/graphql@16.6.0/deno/utilities/valueFromAST.mjs.js": "45f021c438c008cd6c4f459edefc4f1b72d025779baa5607f3abe54ce8dfeb93",
    "https://esm.sh/v111/graphql@16.6.0/deno/utilities/valueFromASTUntyped.mjs.js": "7da19b24e8993c0f9f04f16e9f73c0f4655678b9f1a42a3bc415cb16498188cf",
    "https://esm.sh/v111/graphql@16.6.0/deno/validation/ValidationContext.mjs.js": "6d6143fd0e93cf7719dc551983936829c07cca98e140dea095055c2bb5055348",
    "https://esm.sh/v111/graphql@16.6.0/deno/validation/rules/ExecutableDefinitionsRule.mjs.js": "deafcb4d1489e20474731b249a4ea85e1354a19223dcca8a4a3390ac57e9aad1",
    "https://esm.sh/v111/graphql@16.6.0/deno/validation/rules/FieldsOnCorrectTypeRule.mjs.js": "147c0df49514404253cf5b1635eec409e849836aa8664aea47cbeb85f40f7f12",
    "https://esm.sh/v111/graphql@16.6.0/deno/validation/rules/FragmentsOnCompositeTypesRule.mjs.js": "ed13f519ee0a2e38572cd29a1e68837733ce1073b2814d3ce9356a7f22a06b5d",
    "https://esm.sh/v111/graphql@16.6.0/deno/validation/rules/KnownArgumentNamesRule.mjs.js": "32a1c0a398bd53a8fcab6983a323a96ef3e370e52b33356c7476bdebefbbddff",
    "https://esm.sh/v111/graphql@16.6.0/deno/validation/rules/KnownDirectivesRule.mjs.js": "49db8c3d2097f8343c7890bef8a7a250b41dfd3076c5f38c395203fd98367880",
    "https://esm.sh/v111/graphql@16.6.0/deno/validation/rules/KnownFragmentNamesRule.mjs.js": "fec07a75d7e70305d0c2eef9488c3c9e96d350d87ca2b99600638bef8969be7e",
    "https://esm.sh/v111/graphql@16.6.0/deno/validation/rules/KnownTypeNamesRule.mjs.js": "ee58e4fb37471ab4c4925b47a93e76d05d1ba76d46fcbcbd7b80d46aeee66834",
    "https://esm.sh/v111/graphql@16.6.0/deno/validation/rules/LoneAnonymousOperationRule.mjs.js": "550b6fd573c44877fc986b692309fd18c2ea48e6dad566ae503991d5c3bed704",
    "https://esm.sh/v111/graphql@16.6.0/deno/validation/rules/LoneSchemaDefinitionRule.mjs.js": "4a0f155d54cdc342349a9a6671b9f4a368bffd486a8dc0a3313074df52d66662",
    "https://esm.sh/v111/graphql@16.6.0/deno/validation/rules/NoFragmentCyclesRule.mjs.js": "cba66214219acc41c86103e7dde624c1d09b158e780d1b15e7bcf211324281d5",
    "https://esm.sh/v111/graphql@16.6.0/deno/validation/rules/NoUndefinedVariablesRule.mjs.js": "98935774ac6bc6b21b0279d054be35a4bcf4753295b030cd5d8456bec389f8b7",
    "https://esm.sh/v111/graphql@16.6.0/deno/validation/rules/NoUnusedFragmentsRule.mjs.js": "2a4983b7954ee3b8ea7d5311bc9a77c34dbd2267f699d5cf242531d75c3eb6d4",
    "https://esm.sh/v111/graphql@16.6.0/deno/validation/rules/NoUnusedVariablesRule.mjs.js": "ff8e54f6a3192a523f74915938b8ddd3521ac6a6babc96d42533eea4614661ea",
    "https://esm.sh/v111/graphql@16.6.0/deno/validation/rules/OverlappingFieldsCanBeMergedRule.mjs.js": "7788d5e58323dff0a69a4e27116c77bc771a1376fe821b2653367340f1cb55f3",
    "https://esm.sh/v111/graphql@16.6.0/deno/validation/rules/PossibleFragmentSpreadsRule.mjs.js": "dd96992fb5280aa9c31f4d67841691b3742f4e576f27bb7d43f03cad948dd68a",
    "https://esm.sh/v111/graphql@16.6.0/deno/validation/rules/PossibleTypeExtensionsRule.mjs.js": "8391c6a0ae641ac1f50a1fc9dcc260a0704ba9f3f5c1350480001b824a7073a9",
    "https://esm.sh/v111/graphql@16.6.0/deno/validation/rules/ProvidedRequiredArgumentsRule.mjs.js": "0bad3571ea497772bd429ea5f3c4eaed676a7c32b8f4160c3f8f088372aac23d",
    "https://esm.sh/v111/graphql@16.6.0/deno/validation/rules/ScalarLeafsRule.mjs.js": "9c0d8f8c99f13cf529fa1bf16cbcb37e29df948deca69f21598157a025a01d62",
    "https://esm.sh/v111/graphql@16.6.0/deno/validation/rules/SingleFieldSubscriptionsRule.mjs.js": "ee6956bc4e7007fbb23bf101df35d69cbb0462c53782ce7e52d07a6849ad4ce2",
    "https://esm.sh/v111/graphql@16.6.0/deno/validation/rules/UniqueArgumentDefinitionNamesRule.mjs.js": "ada43adb7163858625d50f60f96298d789760e077eda853cf42b3f94a6406cda",
    "https://esm.sh/v111/graphql@16.6.0/deno/validation/rules/UniqueArgumentNamesRule.mjs.js": "7f292af2ec6f3980cd66988b12ef69a23fff96d15365e5eb7c286eee0c10ea85",
    "https://esm.sh/v111/graphql@16.6.0/deno/validation/rules/UniqueDirectiveNamesRule.mjs.js": "eabb2e2840fbb917b1ee3ff32366d044eea98ae3c02d134bbec74817bd283324",
    "https://esm.sh/v111/graphql@16.6.0/deno/validation/rules/UniqueDirectivesPerLocationRule.mjs.js": "84478d1c102dff01ef6fca66e40c8f70994a54e9e4efcf96193be6b3596e08ad",
    "https://esm.sh/v111/graphql@16.6.0/deno/validation/rules/UniqueEnumValueNamesRule.mjs.js": "784e4ed7d48813eab683d2bbf5b62bbe6858c3aa84bc17330c5dddec83debd45",
    "https://esm.sh/v111/graphql@16.6.0/deno/validation/rules/UniqueFieldDefinitionNamesRule.mjs.js": "38515774dffea8176efa2dc98e1aacaf8f873e105f310597f43285583eca69f1",
    "https://esm.sh/v111/graphql@16.6.0/deno/validation/rules/UniqueFragmentNamesRule.mjs.js": "8fe1ec2478cc4e5d058c73dfece6e4991894595cbae3f8018a7a97ec74fa6fc5",
    "https://esm.sh/v111/graphql@16.6.0/deno/validation/rules/UniqueInputFieldNamesRule.mjs.js": "d4d0005ee6da0e21a5669ce32c27e24ab720d74c909cd1b10bcae7146b5cf738",
    "https://esm.sh/v111/graphql@16.6.0/deno/validation/rules/UniqueOperationNamesRule.mjs.js": "d421f6565f59213986cf20723e91a508bdeba533c22ab3d6c06eed1553e7f42b",
    "https://esm.sh/v111/graphql@16.6.0/deno/validation/rules/UniqueOperationTypesRule.mjs.js": "6dd8b4fcf4e317b7f9151d702ae0685753eef2a83ed5a0874badd280af60f33d",
    "https://esm.sh/v111/graphql@16.6.0/deno/validation/rules/UniqueTypeNamesRule.mjs.js": "5538a896f6db76bec4ca5479a121f9bfdf56c39f22e77d08de96e6e4fd2502a0",
    "https://esm.sh/v111/graphql@16.6.0/deno/validation/rules/UniqueVariableNamesRule.mjs.js": "e1b0c72ce18ee39bf4ee13567f15710e00bc6a9c78b1100a862a1641e80a5424",
    "https://esm.sh/v111/graphql@16.6.0/deno/validation/rules/ValuesOfCorrectTypeRule.mjs.js": "c156d788e13f2f4a5363f753d6792fd2bb97feb85c8b4d3b0bc47591e9877cb4",
    "https://esm.sh/v111/graphql@16.6.0/deno/validation/rules/VariablesAreInputTypesRule.mjs.js": "27bd3ec7503a0c07bc6faf349ce1ec66a45adda695f28c857c68e0f3b0be064f",
    "https://esm.sh/v111/graphql@16.6.0/deno/validation/rules/VariablesInAllowedPositionRule.mjs.js": "5e1e398331146990399deb0fbfbda9e00d59700f97a2f2e8dd67773317cbf004",
    "https://esm.sh/v111/graphql@16.6.0/deno/validation/specifiedRules.mjs.js": "1ee7cea2c7b144e9372f11588b3bca12a83c5c294593d59c012346ca7137be56",
    "https://esm.sh/v111/graphql@16.6.0/deno/validation/validate.mjs.js": "e3b7c4ca4c5fb05365c2e25c3db458907163761697df3f30af6deeace6ff8deb",
    "https://esm.sh/v111/graphql@16.6.0/error/GraphQLError.d.ts": "e159a655d3f485425c0b36d3708b53fb7b8455d56d17f634f5ac0c5a5b815ecf",
    "https://esm.sh/v111/graphql@16.6.0/execution/execute.d.ts": "1c92b5c17a4e4649251e30adf66aa197338001f3536114454cdd69d5eacab312",
    "https://esm.sh/v111/graphql@16.6.0/graphql.d.ts": "ff31dcf3082db50c7f17ff648a9d643ef51e11ee2f39ae42197e9a394f86397b",
    "https://esm.sh/v111/graphql@16.6.0/jsutils/Maybe.d.ts": "0804044cd0488cb7212ddbc1d0f8e1a5bd32970335dbfc613052304a1b0318f9",
    "https://esm.sh/v111/graphql@16.6.0/jsutils/ObjMap.d.ts": "85084ae98c1d319e38ef99b1216d3372a9afd7a368022c01c3351b339d52cb58",
    "https://esm.sh/v111/graphql@16.6.0/jsutils/Path.d.ts": "04825c22d0c91a56dc4311b003d822d12e5b79738309812dc3e27a1e637a8deb",
    "https://esm.sh/v111/graphql@16.6.0/jsutils/PromiseOrValue.d.ts": "692345a43bac37c507fa7065c554258435ab821bbe4fb44b513a70063e932b45",
    "https://esm.sh/v111/graphql@16.6.0/language/ast.d.ts": "c0de0da50d66fc80f5547b0216b21fb14fa3a0268ee9f23c41e1e3b8e793ab5e",
    "https://esm.sh/v111/graphql@16.6.0/language/directiveLocation.d.ts": "de21641eb8edcbc08dd0db4ee70eea907cd07fe72267340b5571c92647f10a77",
    "https://esm.sh/v111/graphql@16.6.0/language/kinds.d.ts": "cddd50d7bd9d7fddda91a576db9f61655d1a55e2d870f154485812f6e39d4c15",
    "https://esm.sh/v111/graphql@16.6.0/language/lexer.d.ts": "8d327131db69a9cc4d01e3473d842b6a81e4dc4715a279a859653811294932aa",
    "https://esm.sh/v111/graphql@16.6.0/language/location.d.ts": "ffbafb3cf8c8e4b3c1b4641cfa1baae87c5b4dc31b3fed0a7a0d05dbc57e76cc",
    "https://esm.sh/v111/graphql@16.6.0/language/parser.d.ts": "4169aa26c69995385813dd3ee5c6c736d9fb690dc58c5b88dcef398dd11d38ac",
    "https://esm.sh/v111/graphql@16.6.0/language/source.d.ts": "b725acb041d2a18fde8f46c48a1408418489c4aa222f559b1ef47bf267cb4be0",
    "https://esm.sh/v111/graphql@16.6.0/language/tokenKind.d.ts": "0539583b089247b73a21eb4a5f7e43208a129df6300d6b829dc1039b79b6c8c4",
    "https://esm.sh/v111/graphql@16.6.0/language/visitor.d.ts": "eb8528e4f841d4140f8cba3b14cdd5818b1762dba169e7b34bed388e86d6472f",
    "https://esm.sh/v111/graphql@16.6.0/type/assertName.d.ts": "93551b302a808f226f0846ad8012354f2d53d6dedc33b540d6ca69836781a574",
    "https://esm.sh/v111/graphql@16.6.0/type/definition.d.ts": "fa119fee8bb68f72f594d140d7ac6197f01876dc97cbffa997b8d7c8130ca2af",
    "https://esm.sh/v111/graphql@16.6.0/type/directives.d.ts": "23c2cd1bfcf77e553473abcfb680f4bd07d13724fdac32fffd8456b5e91ffc92",
    "https://esm.sh/v111/graphql@16.6.0/type/index.d.ts": "d755a8b8126be4f2897ff960acbbb8e9d296477c87d0995eb183944ba35be390",
    "https://esm.sh/v111/graphql@16.6.0/type/introspection.d.ts": "07f55b346cc584b7f60257203fe50d26eb88f609f76a4e890a1a36b7e8734d6c",
    "https://esm.sh/v111/graphql@16.6.0/type/scalars.d.ts": "252d65207e62ea620ed3d029d01432b6c33089600a9243e1dc416bd98bf17cd0",
    "https://esm.sh/v111/graphql@16.6.0/type/schema.d.ts": "e20e9dc6352b6f3a2c9a8ed9c32e64c4c21169304f143a1d45d03cdcec63a9d3",
    "https://esm.sh/v111/graphql@16.6.0/type/validate.d.ts": "b8f483899f4839f1e114835758de5e873de74ef5eeb0eb58fbc26a517f641e67",
    "https://esm.sh/v111/graphql@16.6.0/utilities/TypeInfo.d.ts": "b03c27aa5f09538bea6c6560b96871de11b8d039b960ebed18cd614fbadd8142",
    "https://esm.sh/v111/graphql@16.6.0/utilities/assertValidName.d.ts": "a04cddbcc7c0fb9bffaebcead4d8a8bcdd7cf85ed6a81e1182f62f8b7943604f",
    "https://esm.sh/v111/graphql@16.6.0/utilities/astFromValue.d.ts": "15d2318d24385a537ffb7a40b96d7e7d0911fd6a9e1e583ffe3dd4e8228af179",
    "https://esm.sh/v111/graphql@16.6.0/utilities/buildASTSchema.d.ts": "ad11a2133d50f9465e9fcb6f3f3e588aeb7e3304b9f8bd70e762d6fc7a47ccf3",
    "https://esm.sh/v111/graphql@16.6.0/utilities/buildClientSchema.d.ts": "d995470b2818ec46d05ee07a7b281da57965f97f89b94674f4302cf55b97c35e",
    "https://esm.sh/v111/graphql@16.6.0/utilities/coerceInputValue.d.ts": "4335cc780470cc8d6c3f4d2605b9cbdce5b0f0a55d83e1e819298a3e3127cf2d",
    "https://esm.sh/v111/graphql@16.6.0/utilities/concatAST.d.ts": "3c0c5717e388beb392ef2dea8e05f205567359a142450649b7824bf5d24cc268",
    "https://esm.sh/v111/graphql@16.6.0/utilities/extendSchema.d.ts": "b20bfaa02b7a07613671ac97e7e039686b753bb1f3a1dd858040e48d2aa3dc0d",
    "https://esm.sh/v111/graphql@16.6.0/utilities/findBreakingChanges.d.ts": "625759a187b8bb49ae45b267cfe4247645a81622ac21ec4a11505296a69e4639",
    "https://esm.sh/v111/graphql@16.6.0/utilities/getIntrospectionQuery.d.ts": "6c221c8e1f1558589d9b10af54b33271902549d19f55903d8016aa9bb2cfd21e",
    "https://esm.sh/v111/graphql@16.6.0/utilities/getOperationAST.d.ts": "e9e5e409afe16dcc5c77dcad421f9d7b9cf5d306c40eb3fc6d16de3608d7e8dd",
    "https://esm.sh/v111/graphql@16.6.0/utilities/getOperationRootType.d.ts": "394faab9d5e96aa7ca7ae0d1aa8f6631f30b3953c6d103dc60c5e6f399d64d1a",
    "https://esm.sh/v111/graphql@16.6.0/utilities/index.d.ts": "8d17bdce4f6418e849dc36acb526b58616e09a1ca9ae0ff80b19215de5d34a3a",
    "https://esm.sh/v111/graphql@16.6.0/utilities/introspectionFromSchema.d.ts": "026e29e1fdb15c90101e6fc2d0de9c9359f00bed11f59e99dc4f24f27e1a6998",
    "https://esm.sh/v111/graphql@16.6.0/utilities/lexicographicSortSchema.d.ts": "feba0aea7626ea869b66e92c4ebdbe4eebb5ed835ea4bad1560d9cca794fb7aa",
    "https://esm.sh/v111/graphql@16.6.0/utilities/printSchema.d.ts": "b68ade7170ed28e70e60d79daf8481d5c7dc9edc32ef8c701d8eddaa3ce7966d",
    "https://esm.sh/v111/graphql@16.6.0/utilities/separateOperations.d.ts": "f35b4afc17d4f89c4c002e439e5a2158e48607a0e5ec3e0ee3ac24dff16e1e45",
    "https://esm.sh/v111/graphql@16.6.0/utilities/stripIgnoredCharacters.d.ts": "85a10f6044c31c62614926e641224fc517b9f81387480d752aa38ab7144ee65a",
    "https://esm.sh/v111/graphql@16.6.0/utilities/typeComparators.d.ts": "9e5c2253b16fbf40e6ca5e8d1c6296f2fc78b9ef39d6d26b426023b5a46ca413",
    "https://esm.sh/v111/graphql@16.6.0/utilities/typeFromAST.d.ts": "e962d436a30ccbc5d0ec78f1353a9bfdff70dd37be2d78826d170db680a01ab9",
    "https://esm.sh/v111/graphql@16.6.0/utilities/typedQueryDocumentNode.d.ts": "20822a47f9603f6cf1afcb8d03877e7e6df31e35e23512c342da483ae96cdc73",
    "https://esm.sh/v111/graphql@16.6.0/utilities/valueFromAST.d.ts": "d6f0ecc5e81dc587c12ce13b8fabe4cae34e2d48b9e110f870ef0b1da750c56e",
    "https://esm.sh/v111/graphql@16.6.0/utilities/valueFromASTUntyped.d.ts": "1dc2a364d7a9d01551943328d6eb1290fc58cb6752175dfa03b4643f9afd5749",
    "https://esm.sh/v111/xss@1.0.14/deno/xss.js": "51b74b9c21f690da7c7787653a0574af687462c6a1ed374ad35ef0e13652ce81",
    "https://esm.sh/xss@1.0.14?no-check": "d18940494c6ee4974078b3573f4ceeb77311dcdfa469720cc40e6ab1bf900247",
    "https://jspm.dev/npm:call-bind@1.0.2!cjs": "24c188f9241fbc82c6ac2ae1b63bf3a0574885e3fa739ef09b3a476a3a571634",
    "https://jspm.dev/npm:call-bind@1.0.2/callBound!cjs": "a1586c35033398887376229b84f861c77cb686b034ea8a29d0be41bf46623071",
    "https://jspm.dev/npm:call-bind@1/callBound!cjs": "3ff4779595db6e915ae7d9926ba3338b8777ea7af06560bd254c84840faab169",
    "https://jspm.dev/npm:component-emitter@1!cjs": "26c2994a5fcac1cd9156b00be96c5e2f006dd76338095a96006ac3a47c6c327d",
    "https://jspm.dev/npm:component-emitter@1.3.0!cjs": "757cafefb0bf5639f3f90b2267a7d168e03631e731c2a79fca847b735695e196",
    "https://jspm.dev/npm:fast-safe-stringify@2!cjs": "d8dd0803af23f037ffb44c13e18333131af27ebe582f55fd498b6e3c8f6d5a9d",
    "https://jspm.dev/npm:fast-safe-stringify@2.1.1!cjs": "8a14a2de8a07a719c74aa63ffa5ff635fc55e9ee5d5a79fbc2e087dc4aa1940e",
    "https://jspm.dev/npm:function-bind@1!cjs": "c06b352224fa5e98b331aef38c540a409ed7ef1e6515a38f1a737a8e4f42118a",
    "https://jspm.dev/npm:function-bind@1.1.1!cjs": "4fb6903c972da5bcebe751a5b498ec4599987fc1e7157c15d08f388f2986c0f6",
    "https://jspm.dev/npm:get-intrinsic@1!cjs": "a24a91f94f02bb920498facfd7be7f138ae0aee32aaa825d39aa2015c36f9c08",
    "https://jspm.dev/npm:get-intrinsic@1.2.0!cjs": "3b531557934742bdb1d0ddf9928a1f7226e849f560977c0ac4a98ec1ed7271de",
    "https://jspm.dev/npm:has-symbols@1!cjs": "48faf647d225b64fa235ccc3e5a848e72221b0230935e421066a5de39aa89c3a",
    "https://jspm.dev/npm:has-symbols@1.0.3!cjs": "36965f84e4e0ea1abeddb6928d0719a2648e61ceb9825df185b40d05cddb64df",
    "https://jspm.dev/npm:has-symbols@1.0.3/shams!cjs": "669673e1dc7691c0b397580760121d57f3a5c5101dd70be2e8dd7d2a044de2e9",
    "https://jspm.dev/npm:has@1!cjs": "79286edf0358a403240ee04be7814df009af2ed8a0f76e7df54b614da4b0ac95",
    "https://jspm.dev/npm:has@1.0.3!cjs": "ecbdcfeef29b4da5a5b3e7e388c08998e1b52e0cca905bd3a06ec457fe0a568a",
    "https://jspm.dev/npm:object-inspect@1!cjs": "0e46f0d93f114fa586e70f479752d46b2d639b3c89707e232caf7affffb58439",
    "https://jspm.dev/npm:object-inspect@1.12.3!cjs": "a16facbf5ee180ef25b54592f1d1f23328dae7c89bf74c11b2459b93621cf981",
    "https://jspm.dev/npm:qs@6!cjs": "a62be2576f0cf374308ae27a61d6fbff8ed72d346c9e3c75eb76d6864736374a",
    "https://jspm.dev/npm:qs@6.11.1!cjs": "92bb58fc49101cd1ba2a3ced47a5f89ba4c921ec486ef20894bf6ddd96931f59",
    "https://jspm.dev/npm:qs@6.11.1/_/ff59b3c1.js": "b9efe02e17fcd28aa23524e23cd3f4b1b731a4cc7c4c75400accc5183c79aeb3",
    "https://jspm.dev/npm:qs@6.11.1/lib/stringify!cjs": "701dabcff31b28af3e91de7d3bfc7b9e0b4cbc9acda7b86bff7ac805c59c9c73",
    "https://jspm.dev/npm:side-channel@1!cjs": "a07dfe7165af0d7f916d089490c38839397abcd8b218e4566b270858c9a0ea04",
    "https://jspm.dev/npm:side-channel@1.0.4!cjs": "db65b31b6f9e67d57f04e26d71eb5b376306f5a89ab46fae1278c3ffefb19663",
    "https://jspm.dev/npm:superagent@6.1.0!cjs": "fcf1c0b17cb3ff899b59ae178fc4ab74ad3b592d7fa8b44b16394001758e3176",
    "https://jspm.dev/npm:superagent@6.1.0/lib/agent-base!cjs": "cfe465965a55d80114d835143717413945d0bbc46355d0f7f8200a89902ed006",
    "https://jspm.dev/npm:superagent@6.1.0/lib/is-object!cjs": "95f67ff49b42fd5e82114b9d54a4b3fe1ac98813aed7ceaf53d314983f59820a",
    "https://jspm.dev/npm:superagent@6.1.0/lib/request-base!cjs": "e361c341aa75d7417c918bc8fb697d0ccf96101e039dd2f00e5e45c01c534caa",
    "https://jspm.dev/npm:superagent@6.1.0/lib/response-base!cjs": "00ac549f34d73c2753caa798aa7eb781051179013e3418ff0868a1e1904a8913",
    "https://jspm.dev/npm:superagent@6.1.0/lib/utils!cjs": "ea706523553983c96ef4ab2f191c61c53fb8b78ad8ff2472b48f1385e896c030",
    "https://jspm.dev/superagent@6.1.0": "4b3082d71252c42abd3930d85d1f3c4b2e937e0fab2b5f1c9d19eac20dea89a9"
  }
}
