{
  "version": "2",
  "remote": {
    "https://deno.land/std@0.106.0/fmt/colors.ts": "d2f8355f00a74404668fc5a1e4a92983ce1a9b0a6ac1d40efbd681cb8f519586",
    "https://deno.land/std@0.129.0/async/abortable.ts": "a896ac6b0d4237bd2d2d248217cfa1f0d85ccda93cb25ebda55e33850e526be6",
    "https://deno.land/std@0.129.0/async/deadline.ts": "48ac998d7564969f3e6ec6b6f9bf0217ebd00239b1b2292feba61272d5dd58d0",
    "https://deno.land/std@0.129.0/async/debounce.ts": "564273ef242bcfcda19a439132f940db8694173abffc159ea34f07d18fc42620",
    "https://deno.land/std@0.129.0/async/deferred.ts": "bc18e28108252c9f67dfca2bbc4587c3cbf3aeb6e155f8c864ca8ecff992b98a",
    "https://deno.land/std@0.129.0/async/delay.ts": "cbbdf1c87d1aed8edc7bae13592fb3e27e3106e0748f089c263390d4f49e5f6c",
    "https://deno.land/std@0.129.0/async/mod.ts": "2240c6841157738414331f47dee09bb8c0482c5b1980b6e3234dd03515c8132f",
    "https://deno.land/std@0.129.0/async/mux_async_iterator.ts": "f4d1d259b0c694d381770ddaaa4b799a94843eba80c17f4a2ec2949168e52d1e",
    "https://deno.land/std@0.129.0/async/pool.ts": "97b0dd27c69544e374df857a40902e74e39532f226005543eabacb551e277082",
    "https://deno.land/std@0.129.0/async/tee.ts": "1341feb1f5b1a96f8628d0f8fc07d8c43d3813423f18a63bf1b4785568d21b1f",
    "https://deno.land/std@0.129.0/fmt/colors.ts": "30455035d6d728394781c10755351742dd731e3db6771b1843f9b9e490104d37",
    "https://deno.land/std@0.129.0/http/http_status.ts": "71838ad33cb03ff2575f5e8fdea5f930979cdff8a81c11ade497f11d4c026019",
    "https://deno.land/std@0.129.0/http/server.ts": "10c3a7814666cdbabd6f9c18acdcc4593e222275a628280a4868881445fbb5bc",
    "https://deno.land/std@0.129.0/testing/_diff.ts": "9d849cd6877694152e01775b2d93f9d6b7aef7e24bfe3bfafc4d7a1ac8e9f392",
    "https://deno.land/std@0.129.0/testing/asserts.ts": "0a95d9e8076dd3e7f0eeb605a67c148078b4b11f4abcd5eef115b0361b0736a2",
    "https://deno.land/std@0.97.0/fmt/colors.ts": "db22b314a2ae9430ae7460ce005e0a7130e23ae1c999157e3bb77cf55800f7e4",
    "https://deno.land/std@0.97.0/testing/_diff.ts": "961eaf6d9f5b0a8556c9d835bbc6fa74f5addd7d3b02728ba7936ff93364f7a3",
    "https://deno.land/std@0.97.0/testing/asserts.ts": "341292d12eebc44be4c3c2ca101ba8b6b5859cef2fa69d50c217f9d0bfbcfd1f",
    "https://deno.land/x/expect@v0.2.9/expect.ts": "128c60f94ff3f977e2a649463238e403f9bdb8e6ab77e65214c0236bd61b0111",
    "https://deno.land/x/expect@v0.2.9/matchers.ts": "ba7360b73c5031a22449fa98eb4d5dbe7f256a88dd4c22ccae96dc6c01f0b19c",
    "https://deno.land/x/expect@v0.2.9/mock.ts": "562d4b1d735d15b0b8e935f342679096b64fe452f86e96714fe8616c0c884914",
    "https://deno.land/x/expect@v0.2.9/mod.ts": "0304d2430e1e96ba669a8495e24ba606dcc3d152e1f81aaa8da898cea24e36c2",
    "https://deno.land/x/opine@2.1.2/src/methods.ts": "0481daecc6068d24e9e5391818baddf555ab803d39a465dcd259161f8bd8ee49",
    "https://deno.land/x/opine@2.1.2/src/utils/mergeDescriptors.ts": "1fe498d4a1a8dcfd3570f9ca5e0647590d86d029b3c340bfcfdb57002851e41b",
    "https://deno.land/x/superdeno@4.8.0/deps.ts": "e2cf96d1129c38e1daf87a405878fa51d5771a0ba9b1c250baa75db0a8cb99df",
    "https://deno.land/x/superdeno@4.8.0/mod.ts": "fa91c501867a4302a4bc92d63cbf934fe5475ebb7bf58335338e001147263c87",
    "https://deno.land/x/superdeno@4.8.0/src/close.ts": "8bd4ab602ebbb048d06697d0c48c30be5f78ab9ad673850965e8014d78cca7a8",
    "https://deno.land/x/superdeno@4.8.0/src/superagent.ts": "8f60187f9278b154ef6bccf09a5ff7d45f81103ad0ce02d45518a6bbe63ce764",
    "https://deno.land/x/superdeno@4.8.0/src/superdeno.ts": "2e2cd4898961ac7688f0c2a4b210bf560a338f6601bd231d74bf8a0956880311",
    "https://deno.land/x/superdeno@4.8.0/src/test.ts": "89386c2c207179cd1854baf40f37cd1c4a5d312f4605d8cdc4d495ff3fd14d10",
    "https://deno.land/x/superdeno@4.8.0/src/types.ts": "0fc4a0a1acf4c3acba3e3d956a9e8917ce32cd47dbb8e75ffadec21a43a8e52f",
    "https://deno.land/x/superdeno@4.8.0/src/utils.ts": "458c1699f73e348745b9b4d081e005dbc12d050fd2899ebf4f919515823ba1c0",
    "https://deno.land/x/superdeno@4.8.0/src/xhrSham.js": "91f28215c07af47155c7abe711a097d67d89916a80d666ef6d26fab3e5179af2",
    "https://deno.land/x/superdeno@4.8.0/version.ts": "c84185c6cf0c198d406ae8892cc56a981002cce5d09e9b6293718bf02ad1d2c4",
    "https://deno.land/x/tincan@1.0.1/mod.ts": "9473507398048cb24dbb37b3a220777106c69c28d573898648deb2bb84a7e131",
    "https://deno.land/x/tincan@1.0.1/src/deps.ts": "b02ae57b7ab5035b903f2526b278c26a301e05242668a77eb9e2e82011b651aa",
    "https://deno.land/x/tincan@1.0.1/src/environment.ts": "1096dc35b77ee070bba03584489f71c446574d3a7676936ab0bb4aed507d7e27",
    "https://deno.land/x/tincan@1.0.1/src/mod.ts": "faf52271dbf61ff40b29d60e1d4f8d80f4ad167beebc40905d16779617d07463",
    "https://deno.land/x/tincan@1.0.1/src/nodes/mod.ts": "c22f058dd205d10c3b261c9afdbcd95a8eb807401e822f9c899cca2ab0f16473",
    "https://deno.land/x/tincan@1.0.1/src/nodes/nodes.ts": "a8b8b3178868c8b13a6d4d0c96cb41e4c1df48719a8cd2977495af9f9352ab04",
    "https://deno.land/x/tincan@1.0.1/src/nodes/tree.ts": "c119fb6a2ee1fe9833b70111382cc8d9a3f5b875b4bb65a0e8774d919193faa3",
    "https://deno.land/x/tincan@1.0.1/src/nodes/utilities.ts": "5e6a6f0e2650df4e10f7dfde889ef88a588fe9c3b3618aca2acd47e80b3ee3d8",
    "https://deno.land/x/tincan@1.0.1/src/reporter.ts": "84e09297da18c840076be951c02c749678b75dc89b2575f34db1378cbb509939",
    "https://deno.land/x/tincan@1.0.1/src/runner.ts": "54e1a0934a52469437bd4655df51f0c9148327d94a2b0d6c175f6f992a697b86",
    "https://esm.sh/graphql@16.6.0": "f088ab51df4956893cb700f3398e9a5cbbeb0534c3ea39db916b6f02d34b566b",
    "https://esm.sh/graphql@16.6.0/execution/execute": "95e3356ffff61c3da0e73e896f7d7bd457408998dafc3a41eb0182d07f837198",
    "https://esm.sh/graphql@16.6.0/graphql": "99b90faa84187c3a4d7c7470fbc7158ea01e6c20ed2478f23068f0f5308e9f3e",
    "https://esm.sh/graphql@16.6.0/type/schema": "3349c2726ae8534dc0d0ce9f719ace0e62fb91679c5dccf2e8920cd5bfc0d39b",
    "https://esm.sh/v105/cssfilter@0.0.10/deno/cssfilter.js": "3f4e74e02d5c9e1c23bd024be531b70f656aa5af2ccfcadf6da07d2231886333",
    "https://esm.sh/v105/graphql@16.6.0/deno/error/GraphQLError.mjs.js": "2b446502d3dddef157f09d9cb28bfdd73b02e4036c0ec0273107afb972d6990d",
    "https://esm.sh/v105/graphql@16.6.0/deno/error/locatedError.mjs.js": "1b4ea10754b1b7a8823b3ad96717c30ac6596b220521683e9f4243c1c0a11f43",
    "https://esm.sh/v105/graphql@16.6.0/deno/execution/collectFields.mjs.js": "ddc8bd5008e82a7524e30d9c7ba57928bee6fba25f74ae82f14473d97d05fac2",
    "https://esm.sh/v105/graphql@16.6.0/deno/execution/execute.js": "eaf37cb6340b9d81bd82259ab24ea1795eb6bcc5df8a65a4238f3b9f4c564d28",
    "https://esm.sh/v105/graphql@16.6.0/deno/execution/values.mjs.js": "959e611d48e00a2d150dafac084d067be0e920f5cb70701e640a3aa6360bb998",
    "https://esm.sh/v105/graphql@16.6.0/deno/graphql.js": "ca8e84cca7e0400dc9a25ce638822fb65101e2a48aa1bb5683f9977c1a910e74",
    "https://esm.sh/v105/graphql@16.6.0/deno/jsutils/Path.mjs.js": "21d3c63a066b83115506d5965ef4e58a8b38ee69cb571a0e572adb199dd3eab0",
    "https://esm.sh/v105/graphql@16.6.0/deno/jsutils/devAssert.mjs.js": "d68e4088edb7c0bd9e993ecd00a9b3b33cab6208b7e679c5bc470e1fe6fce623",
    "https://esm.sh/v105/graphql@16.6.0/deno/jsutils/didYouMean.mjs.js": "1792b6c5084b0087f328277751e2f3fd3acd37c13b78db89874a4da63d28e2c1",
    "https://esm.sh/v105/graphql@16.6.0/deno/jsutils/identityFunc.mjs.js": "12cef2f23ac74928061fbd187edd612f3239e88b8f7526ece5c2d1bd9e27cc6f",
    "https://esm.sh/v105/graphql@16.6.0/deno/jsutils/inspect.mjs.js": "db731b8c61d3117d4becf9a1b56e55dbace78f0ee5b113ad5fd67d7c750d82e8",
    "https://esm.sh/v105/graphql@16.6.0/deno/jsutils/instanceOf.mjs.js": "a66f24bd777b9e0643f4381bb6ee24a5133b1cf53b5cabfe3c95806e3f824a69",
    "https://esm.sh/v105/graphql@16.6.0/deno/jsutils/invariant.mjs.js": "44127e30e6684d4afc217ae21ef076df0f33099b8bddf25fa438663e694e1109",
    "https://esm.sh/v105/graphql@16.6.0/deno/jsutils/isIterableObject.mjs.js": "eeb741ffb4b2f5375e84cd1673def8273d983342fbd98bdf4f059bab148b500b",
    "https://esm.sh/v105/graphql@16.6.0/deno/jsutils/isObjectLike.mjs.js": "797a991e156e43bbdd136b33e28d82b9ed059ad489fdfcb7d101d93314994b14",
    "https://esm.sh/v105/graphql@16.6.0/deno/jsutils/isPromise.mjs.js": "985761006b103c48b35e314b79d9799040475e099e950ef0ef7c556e8166dd12",
    "https://esm.sh/v105/graphql@16.6.0/deno/jsutils/keyMap.mjs.js": "a0f1b9d373188b14dcc18df8719f03ed565254c13986abe3d3d0d2ab06f5513c",
    "https://esm.sh/v105/graphql@16.6.0/deno/jsutils/keyValMap.mjs.js": "31e69ea06645cebb7ca60a169f6b11eaa4a50675b70d4bfa83115d2843d325c7",
    "https://esm.sh/v105/graphql@16.6.0/deno/jsutils/mapValue.mjs.js": "6a20e390c10bd74212fba955724866509b0850713607f08aad7b65c28d203495",
    "https://esm.sh/v105/graphql@16.6.0/deno/jsutils/memoize3.mjs.js": "5d110f91890222f12b1c39409ec0b7546500dc91be78d154161cda8990ba243f",
    "https://esm.sh/v105/graphql@16.6.0/deno/jsutils/naturalCompare.mjs.js": "8712740266225c1d597245a839b00a56073c871fe47159342f6e2e695ccae05e",
    "https://esm.sh/v105/graphql@16.6.0/deno/jsutils/printPathArray.mjs.js": "00741aadc33a2a4fafb2924a37673406a69c4f53b500a5539ee72d88c3153e25",
    "https://esm.sh/v105/graphql@16.6.0/deno/jsutils/promiseForObject.mjs.js": "4def4a7d1f34c1c1beac27c00ef2b5def986508b9b2a8dbc94ff48728f59e430",
    "https://esm.sh/v105/graphql@16.6.0/deno/jsutils/promiseReduce.mjs.js": "a0890eaad5f5984cac196ed7c234123a1722c044f64ba555c0299c54a8c73f7b",
    "https://esm.sh/v105/graphql@16.6.0/deno/jsutils/suggestionList.mjs.js": "60d21278acb9152bc1f6665b3ce1f203b04264ffbf2a47c00c8a54e77463c766",
    "https://esm.sh/v105/graphql@16.6.0/deno/jsutils/toError.mjs.js": "d5138a7287ecf3788f170cc5a9ce2279dd19952adf6b01de60ddddddefa4596a",
    "https://esm.sh/v105/graphql@16.6.0/deno/jsutils/toObjMap.mjs.js": "8553f4d96afbdf255e7f48679e95bc6b9088e8c6bd9c81259eab226336bbc6ac",
    "https://esm.sh/v105/graphql@16.6.0/deno/language/ast.mjs.js": "b2e494af547acc60daa187c0876585449b39bc866201524b6ffa2693025820a3",
    "https://esm.sh/v105/graphql@16.6.0/deno/language/blockString.mjs.js": "a473137bf0c71c52a433f49d1133a4723dcc150199fd6d543c3a345f663799cf",
    "https://esm.sh/v105/graphql@16.6.0/deno/language/characterClasses.mjs.js": "9e5f9a13ef302cd8aa2374dec1acf02c026775bdeda2e7db4157ef9953a82ec2",
    "https://esm.sh/v105/graphql@16.6.0/deno/language/directiveLocation.mjs.js": "49c62e46ed26140c72178aa26bb902ddfef3aaea169315ec66c46a32a6ada07a",
    "https://esm.sh/v105/graphql@16.6.0/deno/language/kinds.mjs.js": "830aa0f8a5c6111fe817b04ca1e595d4447a31da60c1b0331c565d3893815047",
    "https://esm.sh/v105/graphql@16.6.0/deno/language/location.mjs.js": "e13738fa5db37bb7183cd1652c701b046ee625bed0dceb1ef444f06200d868d9",
    "https://esm.sh/v105/graphql@16.6.0/deno/language/printLocation.mjs.js": "b0643c0530877a15b1634e200334d01a61f5c1aeb582c6c6f9a6a5ba34c03c97",
    "https://esm.sh/v105/graphql@16.6.0/deno/language/printString.mjs.js": "efb47b194e1b4e1906d53809b49ce4e939d2eab98b9ed7b4a671ae1662854b35",
    "https://esm.sh/v105/graphql@16.6.0/deno/language/printer.mjs.js": "0c8d2f92e7fa40ba12ea6b8b725a52c21970a12f73f05b1b90d44bbb968cc6cf",
    "https://esm.sh/v105/graphql@16.6.0/deno/language/visitor.mjs.js": "13f803d320ac06dbb9e1ad7c4c133bace6e5697ae791501ed38c897f9e1d0cdf",
    "https://esm.sh/v105/graphql@16.6.0/deno/type/assertName.mjs.js": "0bd4753c4993276951094cb9ba0f1c868093e066e7c7b21c1514e4435f756eea",
    "https://esm.sh/v105/graphql@16.6.0/deno/type/definition.mjs.js": "202bce036c35638d79fa1ce21e9371d9c421ed3ccb79c59615af05f54506d3e8",
    "https://esm.sh/v105/graphql@16.6.0/deno/type/directives.mjs.js": "3e152268ca0651528cf04eec5657d4f82aa72b979709e6a0c1d4db58ecfc6b95",
    "https://esm.sh/v105/graphql@16.6.0/deno/type/introspection.mjs.js": "3ca5e57695bc184695d8e45a1e9ffc06b57f039f4370d490614602796f823f7b",
    "https://esm.sh/v105/graphql@16.6.0/deno/type/scalars.mjs.js": "db9f5e5572730f8183fce4a7616547f41590d34942c5cd81d7ce7e714d5b118c",
    "https://esm.sh/v105/graphql@16.6.0/deno/type/schema.js": "834a196045d2340f0609da6b5f2ca42d4f8d9fe6916c1ef0521341fad564fd6f",
    "https://esm.sh/v105/graphql@16.6.0/deno/type/schema.mjs.js": "503261826873db1b1fed6f6d83b67004292dcd6c9b6b0ba1419a5e89016c5551",
    "https://esm.sh/v105/graphql@16.6.0/deno/type/validate.mjs.js": "2eb8876262b124694076ac7ddb4ef27a49f6fbb3b0cad239eb71a33d860bce98",
    "https://esm.sh/v105/graphql@16.6.0/deno/utilities/astFromValue.mjs.js": "50b366550e1077da9c4021e9ab98226ba3f911e5eab4ec6b1eac012294f80830",
    "https://esm.sh/v105/graphql@16.6.0/deno/utilities/coerceInputValue.mjs.js": "e6384133e992c064db132c6b8ffa1a51e8af41b4a691801143168d214bcb5daf",
    "https://esm.sh/v105/graphql@16.6.0/deno/utilities/typeComparators.mjs.js": "d800984a372c18f91bab2debbcb5e958827e67fe6e328715d18c8155ec8bbb5f",
    "https://esm.sh/v105/graphql@16.6.0/deno/utilities/typeFromAST.mjs.js": "f278e3677db227330dde44b9219605071ffd90a7aa5d4eb4920712079c82d3de",
    "https://esm.sh/v105/graphql@16.6.0/deno/utilities/valueFromAST.mjs.js": "1c1fc76c9d915b9f7e93ee9d079a4cef588c520fd4cb21a7140aaa890ea4ae7a",
    "https://esm.sh/v105/graphql@16.6.0/deno/utilities/valueFromASTUntyped.mjs.js": "6e51f81cbb04d12ff7eeaf9f4bf072a99c38718e2d9b08e61f342e4a423e5c02",
    "https://esm.sh/v105/graphql@16.6.0/error/GraphQLError.d.ts": "e159a655d3f485425c0b36d3708b53fb7b8455d56d17f634f5ac0c5a5b815ecf",
    "https://esm.sh/v105/graphql@16.6.0/error/index.d.ts": "1a01eb6f84f3504a0b670315329b98f5f9b61611d4ee7b361814200df392eca3",
    "https://esm.sh/v105/graphql@16.6.0/error/locatedError.d.ts": "b3ade7da9ad22c24c27df44efc111e867d99463d917604c7a77960f70193ad74",
    "https://esm.sh/v105/graphql@16.6.0/error/syntaxError.d.ts": "066436cecb56b4b8804d0f026e1571a5dfc493fd8a659022c68bfd23d7521aae",
    "https://esm.sh/v105/graphql@16.6.0/execution/execute.d.ts": "1c92b5c17a4e4649251e30adf66aa197338001f3536114454cdd69d5eacab312",
    "https://esm.sh/v105/graphql@16.6.0/execution/index.d.ts": "a55365732f05ba33ff616a42455c3ab3a298d0a6985660b7a3c110b43c14adea",
    "https://esm.sh/v105/graphql@16.6.0/execution/subscribe.d.ts": "7157bc34ca12dfe18e5d0bba4457974d3eed5f1500c3a2272ea38e5f167edf84",
    "https://esm.sh/v105/graphql@16.6.0/execution/values.d.ts": "2f20a447381ffa39718f945164b568afb88fcbc2833c6e7bb5bf6047e126a1ea",
    "https://esm.sh/v105/graphql@16.6.0/graphql.d.ts": "ff31dcf3082db50c7f17ff648a9d643ef51e11ee2f39ae42197e9a394f86397b",
    "https://esm.sh/v105/graphql@16.6.0/index.d.ts": "cb6fa55717e3b1113291bc4a29a9a25a01b90f5870b6fb65a33acadbdda54dda",
    "https://esm.sh/v105/graphql@16.6.0/jsutils/Maybe.d.ts": "0804044cd0488cb7212ddbc1d0f8e1a5bd32970335dbfc613052304a1b0318f9",
    "https://esm.sh/v105/graphql@16.6.0/jsutils/ObjMap.d.ts": "85084ae98c1d319e38ef99b1216d3372a9afd7a368022c01c3351b339d52cb58",
    "https://esm.sh/v105/graphql@16.6.0/jsutils/Path.d.ts": "04825c22d0c91a56dc4311b003d822d12e5b79738309812dc3e27a1e637a8deb",
    "https://esm.sh/v105/graphql@16.6.0/jsutils/PromiseOrValue.d.ts": "692345a43bac37c507fa7065c554258435ab821bbe4fb44b513a70063e932b45",
    "https://esm.sh/v105/graphql@16.6.0/language/ast.d.ts": "c0de0da50d66fc80f5547b0216b21fb14fa3a0268ee9f23c41e1e3b8e793ab5e",
    "https://esm.sh/v105/graphql@16.6.0/language/directiveLocation.d.ts": "de21641eb8edcbc08dd0db4ee70eea907cd07fe72267340b5571c92647f10a77",
    "https://esm.sh/v105/graphql@16.6.0/language/index.d.ts": "a4d5ef68f7f3689b289cb4599eb76fe00451e92aa7bd1077e48f1414584ded9e",
    "https://esm.sh/v105/graphql@16.6.0/language/kinds.d.ts": "cddd50d7bd9d7fddda91a576db9f61655d1a55e2d870f154485812f6e39d4c15",
    "https://esm.sh/v105/graphql@16.6.0/language/lexer.d.ts": "8d327131db69a9cc4d01e3473d842b6a81e4dc4715a279a859653811294932aa",
    "https://esm.sh/v105/graphql@16.6.0/language/location.d.ts": "ffbafb3cf8c8e4b3c1b4641cfa1baae87c5b4dc31b3fed0a7a0d05dbc57e76cc",
    "https://esm.sh/v105/graphql@16.6.0/language/parser.d.ts": "4169aa26c69995385813dd3ee5c6c736d9fb690dc58c5b88dcef398dd11d38ac",
    "https://esm.sh/v105/graphql@16.6.0/language/predicates.d.ts": "5ba295c85c52a4684099e49666f3e4f79b58a3864382d05df2d9114707aeebb4",
    "https://esm.sh/v105/graphql@16.6.0/language/printLocation.d.ts": "138c4e6156194af1d8b636a9fa9b186f37e4859d34145005efeec880017306f1",
    "https://esm.sh/v105/graphql@16.6.0/language/printer.d.ts": "9b3109d918ed04878463d75d466fecf531d6116d0e67f24f40d4534108e20b0d",
    "https://esm.sh/v105/graphql@16.6.0/language/source.d.ts": "b725acb041d2a18fde8f46c48a1408418489c4aa222f559b1ef47bf267cb4be0",
    "https://esm.sh/v105/graphql@16.6.0/language/tokenKind.d.ts": "0539583b089247b73a21eb4a5f7e43208a129df6300d6b829dc1039b79b6c8c4",
    "https://esm.sh/v105/graphql@16.6.0/language/visitor.d.ts": "eb8528e4f841d4140f8cba3b14cdd5818b1762dba169e7b34bed388e86d6472f",
    "https://esm.sh/v105/graphql@16.6.0/subscription/index.d.ts": "84983e86669718e816659194b9ba6027450c27a4639c5a594469a65b2f954320",
    "https://esm.sh/v105/graphql@16.6.0/type/assertName.d.ts": "93551b302a808f226f0846ad8012354f2d53d6dedc33b540d6ca69836781a574",
    "https://esm.sh/v105/graphql@16.6.0/type/definition.d.ts": "fa119fee8bb68f72f594d140d7ac6197f01876dc97cbffa997b8d7c8130ca2af",
    "https://esm.sh/v105/graphql@16.6.0/type/directives.d.ts": "23c2cd1bfcf77e553473abcfb680f4bd07d13724fdac32fffd8456b5e91ffc92",
    "https://esm.sh/v105/graphql@16.6.0/type/index.d.ts": "d755a8b8126be4f2897ff960acbbb8e9d296477c87d0995eb183944ba35be390",
    "https://esm.sh/v105/graphql@16.6.0/type/introspection.d.ts": "07f55b346cc584b7f60257203fe50d26eb88f609f76a4e890a1a36b7e8734d6c",
    "https://esm.sh/v105/graphql@16.6.0/type/scalars.d.ts": "252d65207e62ea620ed3d029d01432b6c33089600a9243e1dc416bd98bf17cd0",
    "https://esm.sh/v105/graphql@16.6.0/type/schema.d.ts": "e20e9dc6352b6f3a2c9a8ed9c32e64c4c21169304f143a1d45d03cdcec63a9d3",
    "https://esm.sh/v105/graphql@16.6.0/type/validate.d.ts": "b8f483899f4839f1e114835758de5e873de74ef5eeb0eb58fbc26a517f641e67",
    "https://esm.sh/v105/graphql@16.6.0/utilities/TypeInfo.d.ts": "b03c27aa5f09538bea6c6560b96871de11b8d039b960ebed18cd614fbadd8142",
    "https://esm.sh/v105/graphql@16.6.0/utilities/assertValidName.d.ts": "a04cddbcc7c0fb9bffaebcead4d8a8bcdd7cf85ed6a81e1182f62f8b7943604f",
    "https://esm.sh/v105/graphql@16.6.0/utilities/astFromValue.d.ts": "15d2318d24385a537ffb7a40b96d7e7d0911fd6a9e1e583ffe3dd4e8228af179",
    "https://esm.sh/v105/graphql@16.6.0/utilities/buildASTSchema.d.ts": "ad11a2133d50f9465e9fcb6f3f3e588aeb7e3304b9f8bd70e762d6fc7a47ccf3",
    "https://esm.sh/v105/graphql@16.6.0/utilities/buildClientSchema.d.ts": "d995470b2818ec46d05ee07a7b281da57965f97f89b94674f4302cf55b97c35e",
    "https://esm.sh/v105/graphql@16.6.0/utilities/coerceInputValue.d.ts": "4335cc780470cc8d6c3f4d2605b9cbdce5b0f0a55d83e1e819298a3e3127cf2d",
    "https://esm.sh/v105/graphql@16.6.0/utilities/concatAST.d.ts": "3c0c5717e388beb392ef2dea8e05f205567359a142450649b7824bf5d24cc268",
    "https://esm.sh/v105/graphql@16.6.0/utilities/extendSchema.d.ts": "b20bfaa02b7a07613671ac97e7e039686b753bb1f3a1dd858040e48d2aa3dc0d",
    "https://esm.sh/v105/graphql@16.6.0/utilities/findBreakingChanges.d.ts": "625759a187b8bb49ae45b267cfe4247645a81622ac21ec4a11505296a69e4639",
    "https://esm.sh/v105/graphql@16.6.0/utilities/getIntrospectionQuery.d.ts": "6c221c8e1f1558589d9b10af54b33271902549d19f55903d8016aa9bb2cfd21e",
    "https://esm.sh/v105/graphql@16.6.0/utilities/getOperationAST.d.ts": "e9e5e409afe16dcc5c77dcad421f9d7b9cf5d306c40eb3fc6d16de3608d7e8dd",
    "https://esm.sh/v105/graphql@16.6.0/utilities/getOperationRootType.d.ts": "394faab9d5e96aa7ca7ae0d1aa8f6631f30b3953c6d103dc60c5e6f399d64d1a",
    "https://esm.sh/v105/graphql@16.6.0/utilities/index.d.ts": "8d17bdce4f6418e849dc36acb526b58616e09a1ca9ae0ff80b19215de5d34a3a",
    "https://esm.sh/v105/graphql@16.6.0/utilities/introspectionFromSchema.d.ts": "026e29e1fdb15c90101e6fc2d0de9c9359f00bed11f59e99dc4f24f27e1a6998",
    "https://esm.sh/v105/graphql@16.6.0/utilities/lexicographicSortSchema.d.ts": "feba0aea7626ea869b66e92c4ebdbe4eebb5ed835ea4bad1560d9cca794fb7aa",
    "https://esm.sh/v105/graphql@16.6.0/utilities/printSchema.d.ts": "b68ade7170ed28e70e60d79daf8481d5c7dc9edc32ef8c701d8eddaa3ce7966d",
    "https://esm.sh/v105/graphql@16.6.0/utilities/separateOperations.d.ts": "f35b4afc17d4f89c4c002e439e5a2158e48607a0e5ec3e0ee3ac24dff16e1e45",
    "https://esm.sh/v105/graphql@16.6.0/utilities/stripIgnoredCharacters.d.ts": "85a10f6044c31c62614926e641224fc517b9f81387480d752aa38ab7144ee65a",
    "https://esm.sh/v105/graphql@16.6.0/utilities/typeComparators.d.ts": "9e5c2253b16fbf40e6ca5e8d1c6296f2fc78b9ef39d6d26b426023b5a46ca413",
    "https://esm.sh/v105/graphql@16.6.0/utilities/typeFromAST.d.ts": "e962d436a30ccbc5d0ec78f1353a9bfdff70dd37be2d78826d170db680a01ab9",
    "https://esm.sh/v105/graphql@16.6.0/utilities/typedQueryDocumentNode.d.ts": "20822a47f9603f6cf1afcb8d03877e7e6df31e35e23512c342da483ae96cdc73",
    "https://esm.sh/v105/graphql@16.6.0/utilities/valueFromAST.d.ts": "d6f0ecc5e81dc587c12ce13b8fabe4cae34e2d48b9e110f870ef0b1da750c56e",
    "https://esm.sh/v105/graphql@16.6.0/utilities/valueFromASTUntyped.d.ts": "1dc2a364d7a9d01551943328d6eb1290fc58cb6752175dfa03b4643f9afd5749",
    "https://esm.sh/v105/graphql@16.6.0/validation/ValidationContext.d.ts": "df3d7794e19fe25a99a059c24a21add7bac20603ced76427d75954c59aa08539",
    "https://esm.sh/v105/graphql@16.6.0/validation/index.d.ts": "fb30d5013548d8523c93e0690e9d22f8bb9860a3642b321540415141a51b55b6",
    "https://esm.sh/v105/graphql@16.6.0/validation/rules/ExecutableDefinitionsRule.d.ts": "8454a6c5b1acda7b347481d7b2af01be949ad11911c4275e1eee715e71c1188f",
    "https://esm.sh/v105/graphql@16.6.0/validation/rules/FieldsOnCorrectTypeRule.d.ts": "c32bf36b240ae9755ac069eda92a3d14dc278e03fd3df427b201ac378be9caf6",
    "https://esm.sh/v105/graphql@16.6.0/validation/rules/FragmentsOnCompositeTypesRule.d.ts": "909c18363f4e5bc40a330ede0ca2ddeddd02b2f35570a34566be91de2b188bae",
    "https://esm.sh/v105/graphql@16.6.0/validation/rules/KnownArgumentNamesRule.d.ts": "69bdeaf020f698af81bee7cbb23a42b7028c252cf364803887ed6eb66897f18a",
    "https://esm.sh/v105/graphql@16.6.0/validation/rules/KnownDirectivesRule.d.ts": "2881fd9456e4140dccae964730d81fd39786fc69b95f8d318f50554acaef3a23",
    "https://esm.sh/v105/graphql@16.6.0/validation/rules/KnownFragmentNamesRule.d.ts": "63e4f51e7bf7239b37f7b4a787aea5a3c1ef907f3704b356e7979cbfae8e9815",
    "https://esm.sh/v105/graphql@16.6.0/validation/rules/KnownTypeNamesRule.d.ts": "2c0e2b1d1490ec2e959629fcb8d527068c8ddf46a741f40ceb83e7819a3954fb",
    "https://esm.sh/v105/graphql@16.6.0/validation/rules/LoneAnonymousOperationRule.d.ts": "105c4808216162b62e9b61b45d473cbaa6325387d15912fda0cd61909336eaf6",
    "https://esm.sh/v105/graphql@16.6.0/validation/rules/LoneSchemaDefinitionRule.d.ts": "120b67b53313e30df5cf33143d9e30952d107c7e24bc156c97a733832bb31627",
    "https://esm.sh/v105/graphql@16.6.0/validation/rules/NoFragmentCyclesRule.d.ts": "3beec9071b14808974fe3be17da00631ea71078cf909a17f6a255f8ba650585d",
    "https://esm.sh/v105/graphql@16.6.0/validation/rules/NoUndefinedVariablesRule.d.ts": "4d7b5f2d27c2d34426ed35823366c152313d431f5ae68189d427439906defa45",
    "https://esm.sh/v105/graphql@16.6.0/validation/rules/NoUnusedFragmentsRule.d.ts": "48a8e4453a82be99c93772c044992a94f5241d89e35cf3ecce00b036fbb69970",
    "https://esm.sh/v105/graphql@16.6.0/validation/rules/NoUnusedVariablesRule.d.ts": "3fe2527b2426e54f2b514e375c6beccd2196949c38c082f35f9634bd5c973d79",
    "https://esm.sh/v105/graphql@16.6.0/validation/rules/OverlappingFieldsCanBeMergedRule.d.ts": "767df82d75672cb6fde6fd1829e0ac01f5be22afc2bc211b42df325020aa0e1e",
    "https://esm.sh/v105/graphql@16.6.0/validation/rules/PossibleFragmentSpreadsRule.d.ts": "5a3eb51ee4c5f2e160d0042dad4ad68d7d174451234702681f1b3be89f167c6a",
    "https://esm.sh/v105/graphql@16.6.0/validation/rules/PossibleTypeExtensionsRule.d.ts": "5e04fa03b9c0f229d8719b56b3edaea30183d9469e9beb5e2eadf7b4d1e0e070",
    "https://esm.sh/v105/graphql@16.6.0/validation/rules/ProvidedRequiredArgumentsRule.d.ts": "58830083d772c62f2da1124b5395fe22d7baa6e0c52760665d10d1320ecdc1d0",
    "https://esm.sh/v105/graphql@16.6.0/validation/rules/ScalarLeafsRule.d.ts": "5310c224710108ffe0f20a1936f68f8c0bd8494d58a7472b2e64032dabb02ff0",
    "https://esm.sh/v105/graphql@16.6.0/validation/rules/SingleFieldSubscriptionsRule.d.ts": "c415e18b205b9c6b8b638e033a1840ffe2c853aad276c625ef40e0a93cb13777",
    "https://esm.sh/v105/graphql@16.6.0/validation/rules/UniqueArgumentDefinitionNamesRule.d.ts": "9cfe1d2a22ab3373008c4facb0e93249c339a022771f9e7148ae8bf746dec306",
    "https://esm.sh/v105/graphql@16.6.0/validation/rules/UniqueArgumentNamesRule.d.ts": "937d36e6fa5e556db03bfc8b7dae2b4084615a3a04fe7bf33c42a9e58cbfe9b1",
    "https://esm.sh/v105/graphql@16.6.0/validation/rules/UniqueDirectiveNamesRule.d.ts": "480f2231f3b4fdba191bc41bcbac419cc52cbbe7254565acc4765b7341178e02",
    "https://esm.sh/v105/graphql@16.6.0/validation/rules/UniqueDirectivesPerLocationRule.d.ts": "8d2ee0da940569765e14aec5643e36fbf704588e8877caa7f4e013be390953b3",
    "https://esm.sh/v105/graphql@16.6.0/validation/rules/UniqueEnumValueNamesRule.d.ts": "ea836d0d64bdcd40863cbaea81fcd27ef2ce25edec199a83566ab8b047adc1cc",
    "https://esm.sh/v105/graphql@16.6.0/validation/rules/UniqueFieldDefinitionNamesRule.d.ts": "1d7799efeba0bcda4b60c69527fb5fd883e3b08cd8a3ff699775954e71e67544",
    "https://esm.sh/v105/graphql@16.6.0/validation/rules/UniqueFragmentNamesRule.d.ts": "f34d55fefbf5d2e8aac8618c0946bda11f9a8c0e0fcd229e0fd23cf333be6b82",
    "https://esm.sh/v105/graphql@16.6.0/validation/rules/UniqueInputFieldNamesRule.d.ts": "77893d504d2dfa4b23da4b782db7be1c87ce0e5bf95b4eee94f99069f5d95149",
    "https://esm.sh/v105/graphql@16.6.0/validation/rules/UniqueOperationNamesRule.d.ts": "7b06a1fbcf59b1e813f4d3ec927577509d1af72fc0992d8b2a8d8d8b1d130f1f",
    "https://esm.sh/v105/graphql@16.6.0/validation/rules/UniqueOperationTypesRule.d.ts": "3b8697a7966e75183c04fb51d52719e8b034862a348c410c959fab67b58186d9",
    "https://esm.sh/v105/graphql@16.6.0/validation/rules/UniqueTypeNamesRule.d.ts": "6d3d34e4b3395dfa9f172765adf8bf43b9f6f5322b964ec259a3f8f08fc34377",
    "https://esm.sh/v105/graphql@16.6.0/validation/rules/UniqueVariableNamesRule.d.ts": "4949aa45d8935bb490af56a3ad22e949c025acf3e3048f92ab7d7f1b6bbe9b79",
    "https://esm.sh/v105/graphql@16.6.0/validation/rules/ValuesOfCorrectTypeRule.d.ts": "4661484bcd29ba1bdc1594d78b680c67d2c7272c543875cc00fa2b266f792944",
    "https://esm.sh/v105/graphql@16.6.0/validation/rules/VariablesAreInputTypesRule.d.ts": "6cf690ecc80ba6ee80295fa603f8784d1d350e5aff714d3395a2a6a01dd95a1d",
    "https://esm.sh/v105/graphql@16.6.0/validation/rules/VariablesInAllowedPositionRule.d.ts": "687e163caf5f10a4be9d741f9cc44b6250e4d2a7be1ce1850dc8ee4fc99c2cd3",
    "https://esm.sh/v105/graphql@16.6.0/validation/rules/custom/NoDeprecatedCustomRule.d.ts": "0976e4bdd8240761f0d9d2fc8508c5c4ca8471da20c146f6f60ea3a3564f536f",
    "https://esm.sh/v105/graphql@16.6.0/validation/rules/custom/NoSchemaIntrospectionCustomRule.d.ts": "2908b5c5454ee19dd83d8993f3189d1428b2954de59a8d672df7e6a8e22e09cb",
    "https://esm.sh/v105/graphql@16.6.0/validation/specifiedRules.d.ts": "077f1d6f6e2ab604af4a0d963e8469c6b7fae98a5b9febbba0e31e75f9b820b5",
    "https://esm.sh/v105/graphql@16.6.0/validation/validate.d.ts": "507246f5474832222d374254f1d802a620e8abca0bf83db425f4585356d5be87",
    "https://esm.sh/v105/graphql@16.6.0/version.d.ts": "78647004e18e4c16b8a2e8345fca9267573d1c5a29e11ddfee71858fd077ef6e",
    "https://esm.sh/v105/xss@1.0.14/deno/xss.js": "0ecfd0dc79aeb51ab73e3daf9b9e94f7189c6d5d45176500c5988377508a2c16",
    "https://esm.sh/xss@1.0.14?no-check": "64722001d409931491a3a1d6e9d6939b5b7a54528a6de73e720fe6b6ead63630",
    "https://jspm.dev/npm:call-bind@1.0.2!cjs": "24c188f9241fbc82c6ac2ae1b63bf3a0574885e3fa739ef09b3a476a3a571634",
    "https://jspm.dev/npm:call-bind@1.0.2/callBound!cjs": "a1586c35033398887376229b84f861c77cb686b034ea8a29d0be41bf46623071",
    "https://jspm.dev/npm:call-bind@1/callBound!cjs": "3ff4779595db6e915ae7d9926ba3338b8777ea7af06560bd254c84840faab169",
    "https://jspm.dev/npm:component-emitter@1!cjs": "26c2994a5fcac1cd9156b00be96c5e2f006dd76338095a96006ac3a47c6c327d",
    "https://jspm.dev/npm:component-emitter@1.3.0!cjs": "757cafefb0bf5639f3f90b2267a7d168e03631e731c2a79fca847b735695e196",
    "https://jspm.dev/npm:fast-safe-stringify@2!cjs": "d8dd0803af23f037ffb44c13e18333131af27ebe582f55fd498b6e3c8f6d5a9d",
    "https://jspm.dev/npm:fast-safe-stringify@2.1.1!cjs": "8a14a2de8a07a719c74aa63ffa5ff635fc55e9ee5d5a79fbc2e087dc4aa1940e",
    "https://jspm.dev/npm:function-bind@1!cjs": "c06b352224fa5e98b331aef38c540a409ed7ef1e6515a38f1a737a8e4f42118a",
    "https://jspm.dev/npm:function-bind@1.1.1!cjs": "4fb6903c972da5bcebe751a5b498ec4599987fc1e7157c15d08f388f2986c0f6",
    "https://jspm.dev/npm:get-intrinsic@1!cjs": "a24a91f94f02bb920498facfd7be7f138ae0aee32aaa825d39aa2015c36f9c08",
    "https://jspm.dev/npm:get-intrinsic@1.2.0!cjs": "3b531557934742bdb1d0ddf9928a1f7226e849f560977c0ac4a98ec1ed7271de",
    "https://jspm.dev/npm:has-symbols@1!cjs": "48faf647d225b64fa235ccc3e5a848e72221b0230935e421066a5de39aa89c3a",
    "https://jspm.dev/npm:has-symbols@1.0.3!cjs": "36965f84e4e0ea1abeddb6928d0719a2648e61ceb9825df185b40d05cddb64df",
    "https://jspm.dev/npm:has-symbols@1.0.3/shams!cjs": "669673e1dc7691c0b397580760121d57f3a5c5101dd70be2e8dd7d2a044de2e9",
    "https://jspm.dev/npm:has@1!cjs": "79286edf0358a403240ee04be7814df009af2ed8a0f76e7df54b614da4b0ac95",
    "https://jspm.dev/npm:has@1.0.3!cjs": "ecbdcfeef29b4da5a5b3e7e388c08998e1b52e0cca905bd3a06ec457fe0a568a",
    "https://jspm.dev/npm:object-inspect@1!cjs": "0e46f0d93f114fa586e70f479752d46b2d639b3c89707e232caf7affffb58439",
    "https://jspm.dev/npm:object-inspect@1.12.3!cjs": "a16facbf5ee180ef25b54592f1d1f23328dae7c89bf74c11b2459b93621cf981",
    "https://jspm.dev/npm:qs@6!cjs": "6d5517b330b9167061d2b2218ade14ef02d5b08a2afc1c10a63dcdbcd453b974",
    "https://jspm.dev/npm:qs@6.11.0!cjs": "c161fe2742ec913a0d2ae3e7cd5e1d98195f1a166529e75ede42c86b515532b6",
    "https://jspm.dev/npm:qs@6.11.0/_/f84f3239.js": "74a2a3c5ba0f340899e0a00e7e671625c62dbf2cf8f4d4705020aadd93e85e6d",
    "https://jspm.dev/npm:qs@6.11.0/lib/parse!cjs": "a3c0869bef10a9ca89083fc7fa1593b015fc993281b669da92368ec1bda65fcc",
    "https://jspm.dev/npm:qs@6.11.0/lib/stringify!cjs": "ba5f9d6df65d07b383071abf4bd2a77a457e92060eb7f67a08a849d6c9344f9e",
    "https://jspm.dev/npm:side-channel@1!cjs": "a07dfe7165af0d7f916d089490c38839397abcd8b218e4566b270858c9a0ea04",
    "https://jspm.dev/npm:side-channel@1.0.4!cjs": "db65b31b6f9e67d57f04e26d71eb5b376306f5a89ab46fae1278c3ffefb19663",
    "https://jspm.dev/npm:superagent@6.1.0!cjs": "fcf1c0b17cb3ff899b59ae178fc4ab74ad3b592d7fa8b44b16394001758e3176",
    "https://jspm.dev/npm:superagent@6.1.0/lib/agent-base!cjs": "cfe465965a55d80114d835143717413945d0bbc46355d0f7f8200a89902ed006",
    "https://jspm.dev/npm:superagent@6.1.0/lib/is-object!cjs": "95f67ff49b42fd5e82114b9d54a4b3fe1ac98813aed7ceaf53d314983f59820a",
    "https://jspm.dev/npm:superagent@6.1.0/lib/request-base!cjs": "e361c341aa75d7417c918bc8fb697d0ccf96101e039dd2f00e5e45c01c534caa",
    "https://jspm.dev/npm:superagent@6.1.0/lib/response-base!cjs": "00ac549f34d73c2753caa798aa7eb781051179013e3418ff0868a1e1904a8913",
    "https://jspm.dev/npm:superagent@6.1.0/lib/utils!cjs": "ea706523553983c96ef4ab2f191c61c53fb8b78ad8ff2472b48f1385e896c030",
    "https://jspm.dev/superagent@6.1.0": "4b3082d71252c42abd3930d85d1f3c4b2e937e0fab2b5f1c9d19eac20dea89a9"
  }
}
